// !$*UTF8*$!
{
	archiveVersion = 1;
	classes = {
	};
	objectVersion = 46;
	objects = {

/* Begin PBXBuildFile section */
		05CD5623247237B4FAE4784D /* libPods-ZKWeiboTests.a in Frameworks */ = {isa = PBXBuildFile; fileRef = 9490168A1F62024DE98059A4 /* libPods-ZKWeiboTests.a */; };
		7E3F14261EB6409700DABE64 /* ZKSearchViewController.m in Sources */ = {isa = PBXBuildFile; fileRef = 7E3F14251EB6409700DABE64 /* ZKSearchViewController.m */; };
		7E3F142A1EB640E000DABE64 /* ZKUserHomeViewController.m in Sources */ = {isa = PBXBuildFile; fileRef = 7E3F14291EB640E000DABE64 /* ZKUserHomeViewController.m */; };
		7E3F14351EB6435700DABE64 /* icon_search.png in Resources */ = {isa = PBXBuildFile; fileRef = 7E3F14331EB6435700DABE64 /* icon_search.png */; };
		7E3F14361EB6435700DABE64 /* icon_search@2x.png in Resources */ = {isa = PBXBuildFile; fileRef = 7E3F14341EB6435700DABE64 /* icon_search@2x.png */; };
		7E3F143A1EB643B400DABE64 /* nav_me_normal.png in Resources */ = {isa = PBXBuildFile; fileRef = 7E3F14381EB643B400DABE64 /* nav_me_normal.png */; };
		7E3F143B1EB643B400DABE64 /* nav_me_normal@2x.png in Resources */ = {isa = PBXBuildFile; fileRef = 7E3F14391EB643B400DABE64 /* nav_me_normal@2x.png */; };
		7E4F66661EB60D40003F0B4A /* main.m in Sources */ = {isa = PBXBuildFile; fileRef = 7E4F66651EB60D40003F0B4A /* main.m */; };
		7E4F66691EB60D40003F0B4A /* AppDelegate.m in Sources */ = {isa = PBXBuildFile; fileRef = 7E4F66681EB60D40003F0B4A /* AppDelegate.m */; };
		7E4F66741EB60D40003F0B4A /* Assets.xcassets in Resources */ = {isa = PBXBuildFile; fileRef = 7E4F66731EB60D40003F0B4A /* Assets.xcassets */; };
		7E4F66771EB60D40003F0B4A /* LaunchScreen.storyboard in Resources */ = {isa = PBXBuildFile; fileRef = 7E4F66751EB60D40003F0B4A /* LaunchScreen.storyboard */; };
		7E4F66821EB60D40003F0B4A /* ZKWeiboTests.m in Sources */ = {isa = PBXBuildFile; fileRef = 7E4F66811EB60D40003F0B4A /* ZKWeiboTests.m */; };
		7E4F668D1EB60D40003F0B4A /* ZKWeiboUITests.m in Sources */ = {isa = PBXBuildFile; fileRef = 7E4F668C1EB60D40003F0B4A /* ZKWeiboUITests.m */; };
		7E4F66A01EB6121A003F0B4A /* ZKUtilities.m in Sources */ = {isa = PBXBuildFile; fileRef = 7E4F669F1EB6121A003F0B4A /* ZKUtilities.m */; };
		7E4F66A81EB6162E003F0B4A /* ZKBaseViewController.m in Sources */ = {isa = PBXBuildFile; fileRef = 7E4F66A71EB6162E003F0B4A /* ZKBaseViewController.m */; };
		7E4F66AD1EB616EF003F0B4A /* ZKTabBarController.m in Sources */ = {isa = PBXBuildFile; fileRef = 7E4F66AC1EB616EF003F0B4A /* ZKTabBarController.m */; };
		7E4F66B01EB61710003F0B4A /* ZKIntroduceViewController.m in Sources */ = {isa = PBXBuildFile; fileRef = 7E4F66AF1EB61710003F0B4A /* ZKIntroduceViewController.m */; };
		7E6A0F681EB6DF9300CA709E /* ZKHomeViewController.m in Sources */ = {isa = PBXBuildFile; fileRef = 7E6A0F671EB6DF9300CA709E /* ZKHomeViewController.m */; };
		7E6A0F6E1EB6E15000CA709E /* tab_home_normal.png in Resources */ = {isa = PBXBuildFile; fileRef = 7E6A0F6A1EB6E15000CA709E /* tab_home_normal.png */; };
		7E6A0F6F1EB6E15000CA709E /* tab_home_normal@2x.png in Resources */ = {isa = PBXBuildFile; fileRef = 7E6A0F6B1EB6E15000CA709E /* tab_home_normal@2x.png */; };
		7E6A0F701EB6E15000CA709E /* tab_home_selected.png in Resources */ = {isa = PBXBuildFile; fileRef = 7E6A0F6C1EB6E15000CA709E /* tab_home_selected.png */; };
		7E6A0F711EB6E15000CA709E /* tab_home_selected@2x.png in Resources */ = {isa = PBXBuildFile; fileRef = 7E6A0F6D1EB6E15000CA709E /* tab_home_selected@2x.png */; };
		7E6A0F761EB7049400CA709E /* AAPullToRefresh.m in Sources */ = {isa = PBXBuildFile; fileRef = 7E6A0F751EB7049400CA709E /* AAPullToRefresh.m */; };
		7E6A0F7B1EB7078900CA709E /* ZKHomeView.m in Sources */ = {isa = PBXBuildFile; fileRef = 7E6A0F7A1EB7078900CA709E /* ZKHomeView.m */; };
		7E6A0F7E1EB7079E00CA709E /* ZKBaseView.m in Sources */ = {isa = PBXBuildFile; fileRef = 7E6A0F7D1EB7079E00CA709E /* ZKBaseView.m */; };
		7E6A0F831EB70A1A00CA709E /* ZKBaseModel.m in Sources */ = {isa = PBXBuildFile; fileRef = 7E6A0F821EB70A1A00CA709E /* ZKBaseModel.m */; };
		7E6A0F861EB70A6200CA709E /* ZKHomeItem.m in Sources */ = {isa = PBXBuildFile; fileRef = 7E6A0F851EB70A6200CA709E /* ZKHomeItem.m */; };
		904682EA31E3E1D441ADC951 /* libPods-ZKWeiboUITests.a in Frameworks */ = {isa = PBXBuildFile; fileRef = 0F1A52369226D03055031DF9 /* libPods-ZKWeiboUITests.a */; };
		D2C1A00958CC8FCCA4E87B6C /* libPods-ZKWeibo.a in Frameworks */ = {isa = PBXBuildFile; fileRef = D9086F48AB91B0E00F3B0D19 /* libPods-ZKWeibo.a */; };
/* End PBXBuildFile section */

/* Begin PBXContainerItemProxy section */
		7E4F667E1EB60D40003F0B4A /* PBXContainerItemProxy */ = {
			isa = PBXContainerItemProxy;
			containerPortal = 7E4F66591EB60D3F003F0B4A /* Project object */;
			proxyType = 1;
			remoteGlobalIDString = 7E4F66601EB60D40003F0B4A;
			remoteInfo = ZKWeibo;
		};
		7E4F66891EB60D40003F0B4A /* PBXContainerItemProxy */ = {
			isa = PBXContainerItemProxy;
			containerPortal = 7E4F66591EB60D3F003F0B4A /* Project object */;
			proxyType = 1;
			remoteGlobalIDString = 7E4F66601EB60D40003F0B4A;
			remoteInfo = ZKWeibo;
		};
/* End PBXContainerItemProxy section */

/* Begin PBXFileReference section */
		0F1A52369226D03055031DF9 /* libPods-ZKWeiboUITests.a */ = {isa = PBXFileReference; explicitFileType = archive.ar; includeInIndex = 0; path = "libPods-ZKWeiboUITests.a"; sourceTree = BUILT_PRODUCTS_DIR; };
		2E5E0AD1B533B3812468774E /* Pods-ZKWeiboTests.debug.xcconfig */ = {isa = PBXFileReference; includeInIndex = 1; lastKnownFileType = text.xcconfig; name = "Pods-ZKWeiboTests.debug.xcconfig"; path = "Pods/Target Support Files/Pods-ZKWeiboTests/Pods-ZKWeiboTests.debug.xcconfig"; sourceTree = "<group>"; };
		3096A8C3CDB9F5EE760BFDD1 /* Pods-ZKWeiboUITests.release.xcconfig */ = {isa = PBXFileReference; includeInIndex = 1; lastKnownFileType = text.xcconfig; name = "Pods-ZKWeiboUITests.release.xcconfig"; path = "Pods/Target Support Files/Pods-ZKWeiboUITests/Pods-ZKWeiboUITests.release.xcconfig"; sourceTree = "<group>"; };
		516BC897C5C171885345DAC9 /* Pods-ZKWeiboUITests.debug.xcconfig */ = {isa = PBXFileReference; includeInIndex = 1; lastKnownFileType = text.xcconfig; name = "Pods-ZKWeiboUITests.debug.xcconfig"; path = "Pods/Target Support Files/Pods-ZKWeiboUITests/Pods-ZKWeiboUITests.debug.xcconfig"; sourceTree = "<group>"; };
		7B590432B1A7D8ED95BDCBED /* Pods-ZKWeibo.debug.xcconfig */ = {isa = PBXFileReference; includeInIndex = 1; lastKnownFileType = text.xcconfig; name = "Pods-ZKWeibo.debug.xcconfig"; path = "Pods/Target Support Files/Pods-ZKWeibo/Pods-ZKWeibo.debug.xcconfig"; sourceTree = "<group>"; };
		7E3F14211EB6331C00DABE64 /* ZKWeibo.pch */ = {isa = PBXFileReference; lastKnownFileType = sourcecode.c.h; path = ZKWeibo.pch; sourceTree = "<group>"; };
		7E3F14221EB6334800DABE64 /* ZKMacros.h */ = {isa = PBXFileReference; fileEncoding = 4; lastKnownFileType = sourcecode.c.h; name = ZKMacros.h; path = Common/Headers/ZKMacros.h; sourceTree = "<group>"; };
		7E3F14241EB6409700DABE64 /* ZKSearchViewController.h */ = {isa = PBXFileReference; fileEncoding = 4; lastKnownFileType = sourcecode.c.h; name = ZKSearchViewController.h; path = Controller/Search/ZKSearchViewController.h; sourceTree = "<group>"; };
		7E3F14251EB6409700DABE64 /* ZKSearchViewController.m */ = {isa = PBXFileReference; fileEncoding = 4; lastKnownFileType = sourcecode.c.objc; name = ZKSearchViewController.m; path = Controller/Search/ZKSearchViewController.m; sourceTree = "<group>"; };
		7E3F14281EB640E000DABE64 /* ZKUserHomeViewController.h */ = {isa = PBXFileReference; fileEncoding = 4; lastKnownFileType = sourcecode.c.h; name = ZKUserHomeViewController.h; path = Controller/User/ZKUserHomeViewController.h; sourceTree = "<group>"; };
		7E3F14291EB640E000DABE64 /* ZKUserHomeViewController.m */ = {isa = PBXFileReference; fileEncoding = 4; lastKnownFileType = sourcecode.c.objc; name = ZKUserHomeViewController.m; path = Controller/User/ZKUserHomeViewController.m; sourceTree = "<group>"; };
		7E3F14331EB6435700DABE64 /* icon_search.png */ = {isa = PBXFileReference; lastKnownFileType = image.png; path = icon_search.png; sourceTree = "<group>"; };
		7E3F14341EB6435700DABE64 /* icon_search@2x.png */ = {isa = PBXFileReference; lastKnownFileType = image.png; path = "icon_search@2x.png"; sourceTree = "<group>"; };
		7E3F14381EB643B400DABE64 /* nav_me_normal.png */ = {isa = PBXFileReference; lastKnownFileType = image.png; path = nav_me_normal.png; sourceTree = "<group>"; };
		7E3F14391EB643B400DABE64 /* nav_me_normal@2x.png */ = {isa = PBXFileReference; lastKnownFileType = image.png; path = "nav_me_normal@2x.png"; sourceTree = "<group>"; };
		7E4F66611EB60D40003F0B4A /* ZKWeibo.app */ = {isa = PBXFileReference; explicitFileType = wrapper.application; includeInIndex = 0; path = ZKWeibo.app; sourceTree = BUILT_PRODUCTS_DIR; };
		7E4F66651EB60D40003F0B4A /* main.m */ = {isa = PBXFileReference; lastKnownFileType = sourcecode.c.objc; path = main.m; sourceTree = "<group>"; };
		7E4F66671EB60D40003F0B4A /* AppDelegate.h */ = {isa = PBXFileReference; lastKnownFileType = sourcecode.c.h; path = AppDelegate.h; sourceTree = "<group>"; };
		7E4F66681EB60D40003F0B4A /* AppDelegate.m */ = {isa = PBXFileReference; lastKnownFileType = sourcecode.c.objc; path = AppDelegate.m; sourceTree = "<group>"; };
		7E4F66731EB60D40003F0B4A /* Assets.xcassets */ = {isa = PBXFileReference; lastKnownFileType = folder.assetcatalog; path = Assets.xcassets; sourceTree = "<group>"; };
		7E4F66761EB60D40003F0B4A /* Base */ = {isa = PBXFileReference; lastKnownFileType = file.storyboard; name = Base; path = Base.lproj/LaunchScreen.storyboard; sourceTree = "<group>"; };
		7E4F66781EB60D40003F0B4A /* Info.plist */ = {isa = PBXFileReference; lastKnownFileType = text.plist.xml; path = Info.plist; sourceTree = "<group>"; };
		7E4F667D1EB60D40003F0B4A /* ZKWeiboTests.xctest */ = {isa = PBXFileReference; explicitFileType = wrapper.cfbundle; includeInIndex = 0; path = ZKWeiboTests.xctest; sourceTree = BUILT_PRODUCTS_DIR; };
		7E4F66811EB60D40003F0B4A /* ZKWeiboTests.m */ = {isa = PBXFileReference; lastKnownFileType = sourcecode.c.objc; path = ZKWeiboTests.m; sourceTree = "<group>"; };
		7E4F66831EB60D40003F0B4A /* Info.plist */ = {isa = PBXFileReference; lastKnownFileType = text.plist.xml; path = Info.plist; sourceTree = "<group>"; };
		7E4F66881EB60D40003F0B4A /* ZKWeiboUITests.xctest */ = {isa = PBXFileReference; explicitFileType = wrapper.cfbundle; includeInIndex = 0; path = ZKWeiboUITests.xctest; sourceTree = BUILT_PRODUCTS_DIR; };
		7E4F668C1EB60D40003F0B4A /* ZKWeiboUITests.m */ = {isa = PBXFileReference; lastKnownFileType = sourcecode.c.objc; path = ZKWeiboUITests.m; sourceTree = "<group>"; };
		7E4F668E1EB60D40003F0B4A /* Info.plist */ = {isa = PBXFileReference; lastKnownFileType = text.plist.xml; path = Info.plist; sourceTree = "<group>"; };
		7E4F669C1EB61089003F0B4A /* Constants.h */ = {isa = PBXFileReference; lastKnownFileType = sourcecode.c.h; name = Constants.h; path = Common/Headers/Constants.h; sourceTree = "<group>"; };
		7E4F669E1EB6121A003F0B4A /* ZKUtilities.h */ = {isa = PBXFileReference; fileEncoding = 4; lastKnownFileType = sourcecode.c.h; name = ZKUtilities.h; path = Common/Toolkit/ZKUtilities.h; sourceTree = "<group>"; };
		7E4F669F1EB6121A003F0B4A /* ZKUtilities.m */ = {isa = PBXFileReference; fileEncoding = 4; lastKnownFileType = sourcecode.c.objc; name = ZKUtilities.m; path = Common/Toolkit/ZKUtilities.m; sourceTree = "<group>"; };
		7E4F66A61EB6162E003F0B4A /* ZKBaseViewController.h */ = {isa = PBXFileReference; fileEncoding = 4; lastKnownFileType = sourcecode.c.h; name = ZKBaseViewController.h; path = Controller/Base/ZKBaseViewController.h; sourceTree = "<group>"; };
		7E4F66A71EB6162E003F0B4A /* ZKBaseViewController.m */ = {isa = PBXFileReference; fileEncoding = 4; lastKnownFileType = sourcecode.c.objc; name = ZKBaseViewController.m; path = Controller/Base/ZKBaseViewController.m; sourceTree = "<group>"; };
		7E4F66AB1EB616EF003F0B4A /* ZKTabBarController.h */ = {isa = PBXFileReference; fileEncoding = 4; lastKnownFileType = sourcecode.c.h; name = ZKTabBarController.h; path = Controller/Root/ZKTabBarController.h; sourceTree = "<group>"; };
		7E4F66AC1EB616EF003F0B4A /* ZKTabBarController.m */ = {isa = PBXFileReference; fileEncoding = 4; lastKnownFileType = sourcecode.c.objc; name = ZKTabBarController.m; path = Controller/Root/ZKTabBarController.m; sourceTree = "<group>"; };
		7E4F66AE1EB61710003F0B4A /* ZKIntroduceViewController.h */ = {isa = PBXFileReference; fileEncoding = 4; lastKnownFileType = sourcecode.c.h; name = ZKIntroduceViewController.h; path = Controller/Introduce/ZKIntroduceViewController.h; sourceTree = "<group>"; };
		7E4F66AF1EB61710003F0B4A /* ZKIntroduceViewController.m */ = {isa = PBXFileReference; fileEncoding = 4; lastKnownFileType = sourcecode.c.objc; name = ZKIntroduceViewController.m; path = Controller/Introduce/ZKIntroduceViewController.m; sourceTree = "<group>"; };
		7E6A0F661EB6DF9300CA709E /* ZKHomeViewController.h */ = {isa = PBXFileReference; fileEncoding = 4; lastKnownFileType = sourcecode.c.h; name = ZKHomeViewController.h; path = Controller/Home/ZKHomeViewController.h; sourceTree = "<group>"; };
		7E6A0F671EB6DF9300CA709E /* ZKHomeViewController.m */ = {isa = PBXFileReference; fileEncoding = 4; lastKnownFileType = sourcecode.c.objc; name = ZKHomeViewController.m; path = Controller/Home/ZKHomeViewController.m; sourceTree = "<group>"; };
		7E6A0F6A1EB6E15000CA709E /* tab_home_normal.png */ = {isa = PBXFileReference; lastKnownFileType = image.png; path = tab_home_normal.png; sourceTree = "<group>"; };
		7E6A0F6B1EB6E15000CA709E /* tab_home_normal@2x.png */ = {isa = PBXFileReference; lastKnownFileType = image.png; path = "tab_home_normal@2x.png"; sourceTree = "<group>"; };
		7E6A0F6C1EB6E15000CA709E /* tab_home_selected.png */ = {isa = PBXFileReference; lastKnownFileType = image.png; path = tab_home_selected.png; sourceTree = "<group>"; };
		7E6A0F6D1EB6E15000CA709E /* tab_home_selected@2x.png */ = {isa = PBXFileReference; lastKnownFileType = image.png; path = "tab_home_selected@2x.png"; sourceTree = "<group>"; };
		7E6A0F741EB7049400CA709E /* AAPullToRefresh.h */ = {isa = PBXFileReference; fileEncoding = 4; lastKnownFileType = sourcecode.c.h; path = AAPullToRefresh.h; sourceTree = "<group>"; };
		7E6A0F751EB7049400CA709E /* AAPullToRefresh.m */ = {isa = PBXFileReference; fileEncoding = 4; lastKnownFileType = sourcecode.c.objc; path = AAPullToRefresh.m; sourceTree = "<group>"; };
		7E6A0F791EB7078900CA709E /* ZKHomeView.h */ = {isa = PBXFileReference; fileEncoding = 4; lastKnownFileType = sourcecode.c.h; name = ZKHomeView.h; path = View/Home/ZKHomeView.h; sourceTree = "<group>"; };
		7E6A0F7A1EB7078900CA709E /* ZKHomeView.m */ = {isa = PBXFileReference; fileEncoding = 4; lastKnownFileType = sourcecode.c.objc; name = ZKHomeView.m; path = View/Home/ZKHomeView.m; sourceTree = "<group>"; };
		7E6A0F7C1EB7079E00CA709E /* ZKBaseView.h */ = {isa = PBXFileReference; fileEncoding = 4; lastKnownFileType = sourcecode.c.h; name = ZKBaseView.h; path = View/ZKBaseView.h; sourceTree = "<group>"; };
		7E6A0F7D1EB7079E00CA709E /* ZKBaseView.m */ = {isa = PBXFileReference; fileEncoding = 4; lastKnownFileType = sourcecode.c.objc; name = ZKBaseView.m; path = View/ZKBaseView.m; sourceTree = "<group>"; };
		7E6A0F811EB70A1A00CA709E /* ZKBaseModel.h */ = {isa = PBXFileReference; fileEncoding = 4; lastKnownFileType = sourcecode.c.h; name = ZKBaseModel.h; path = Model/ZKBaseModel.h; sourceTree = "<group>"; };
		7E6A0F821EB70A1A00CA709E /* ZKBaseModel.m */ = {isa = PBXFileReference; fileEncoding = 4; lastKnownFileType = sourcecode.c.objc; name = ZKBaseModel.m; path = Model/ZKBaseModel.m; sourceTree = "<group>"; };
		7E6A0F841EB70A6200CA709E /* ZKHomeItem.h */ = {isa = PBXFileReference; fileEncoding = 4; lastKnownFileType = sourcecode.c.h; name = ZKHomeItem.h; path = Model/Home/ZKHomeItem.h; sourceTree = "<group>"; };
		7E6A0F851EB70A6200CA709E /* ZKHomeItem.m */ = {isa = PBXFileReference; fileEncoding = 4; lastKnownFileType = sourcecode.c.objc; name = ZKHomeItem.m; path = Model/Home/ZKHomeItem.m; sourceTree = "<group>"; };
		9490168A1F62024DE98059A4 /* libPods-ZKWeiboTests.a */ = {isa = PBXFileReference; explicitFileType = archive.ar; includeInIndex = 0; path = "libPods-ZKWeiboTests.a"; sourceTree = BUILT_PRODUCTS_DIR; };
		9F178BD1D8916FB690857763 /* Pods-ZKWeiboTests.release.xcconfig */ = {isa = PBXFileReference; includeInIndex = 1; lastKnownFileType = text.xcconfig; name = "Pods-ZKWeiboTests.release.xcconfig"; path = "Pods/Target Support Files/Pods-ZKWeiboTests/Pods-ZKWeiboTests.release.xcconfig"; sourceTree = "<group>"; };
		D9086F48AB91B0E00F3B0D19 /* libPods-ZKWeibo.a */ = {isa = PBXFileReference; explicitFileType = archive.ar; includeInIndex = 0; path = "libPods-ZKWeibo.a"; sourceTree = BUILT_PRODUCTS_DIR; };
		EC94348917A0400F33DD2708 /* Pods-ZKWeibo.release.xcconfig */ = {isa = PBXFileReference; includeInIndex = 1; lastKnownFileType = text.xcconfig; name = "Pods-ZKWeibo.release.xcconfig"; path = "Pods/Target Support Files/Pods-ZKWeibo/Pods-ZKWeibo.release.xcconfig"; sourceTree = "<group>"; };
/* End PBXFileReference section */

/* Begin PBXFrameworksBuildPhase section */
		7E4F665E1EB60D40003F0B4A /* Frameworks */ = {
			isa = PBXFrameworksBuildPhase;
			buildActionMask = 2147483647;
			files = (
				D2C1A00958CC8FCCA4E87B6C /* libPods-ZKWeibo.a in Frameworks */,
			);
			runOnlyForDeploymentPostprocessing = 0;
		};
		7E4F667A1EB60D40003F0B4A /* Frameworks */ = {
			isa = PBXFrameworksBuildPhase;
			buildActionMask = 2147483647;
			files = (
				05CD5623247237B4FAE4784D /* libPods-ZKWeiboTests.a in Frameworks */,
			);
			runOnlyForDeploymentPostprocessing = 0;
		};
		7E4F66851EB60D40003F0B4A /* Frameworks */ = {
			isa = PBXFrameworksBuildPhase;
			buildActionMask = 2147483647;
			files = (
				904682EA31E3E1D441ADC951 /* libPods-ZKWeiboUITests.a in Frameworks */,
			);
			runOnlyForDeploymentPostprocessing = 0;
		};
/* End PBXFrameworksBuildPhase section */

/* Begin PBXGroup section */
		0859E88FF5B6BA2817E7C0E9 /* Pods */ = {
			isa = PBXGroup;
			children = (
				7B590432B1A7D8ED95BDCBED /* Pods-ZKWeibo.debug.xcconfig */,
				EC94348917A0400F33DD2708 /* Pods-ZKWeibo.release.xcconfig */,
				2E5E0AD1B533B3812468774E /* Pods-ZKWeiboTests.debug.xcconfig */,
				9F178BD1D8916FB690857763 /* Pods-ZKWeiboTests.release.xcconfig */,
				516BC897C5C171885345DAC9 /* Pods-ZKWeiboUITests.debug.xcconfig */,
				3096A8C3CDB9F5EE760BFDD1 /* Pods-ZKWeiboUITests.release.xcconfig */,
			);
			name = Pods;
			sourceTree = "<group>";
		};
		2F7D0F19042E681AC5F8D8D5 /* Frameworks */ = {
			isa = PBXGroup;
			children = (
				D9086F48AB91B0E00F3B0D19 /* libPods-ZKWeibo.a */,
				9490168A1F62024DE98059A4 /* libPods-ZKWeiboTests.a */,
				0F1A52369226D03055031DF9 /* libPods-ZKWeiboUITests.a */,
			);
			name = Frameworks;
			sourceTree = "<group>";
		};
		7E3F14201EB630FD00DABE64 /* Home */ = {
			isa = PBXGroup;
			children = (
				7E6A0F661EB6DF9300CA709E /* ZKHomeViewController.h */,
				7E6A0F671EB6DF9300CA709E /* ZKHomeViewController.m */,
			);
			name = Home;
			sourceTree = "<group>";
		};
		7E3F14231EB6400700DABE64 /* Search */ = {
			isa = PBXGroup;
			children = (
				7E3F14241EB6409700DABE64 /* ZKSearchViewController.h */,
				7E3F14251EB6409700DABE64 /* ZKSearchViewController.m */,
			);
			name = Search;
			sourceTree = "<group>";
		};
		7E3F14271EB640C900DABE64 /* User */ = {
			isa = PBXGroup;
			children = (
				7E3F14281EB640E000DABE64 /* ZKUserHomeViewController.h */,
				7E3F14291EB640E000DABE64 /* ZKUserHomeViewController.m */,
			);
			name = User;
			sourceTree = "<group>";
		};
		7E3F142B1EB6425D00DABE64 /* Resource */ = {
			isa = PBXGroup;
			children = (
				7E3F14311EB6435700DABE64 /* Image */,
			);
			name = Resource;
			sourceTree = "<group>";
		};
		7E3F14311EB6435700DABE64 /* Image */ = {
			isa = PBXGroup;
			children = (
				7E6A0F691EB6E15000CA709E /* TabBar */,
				7E3F14371EB643B400DABE64 /* User */,
				7E3F14321EB6435700DABE64 /* Search */,
			);
			name = Image;
			path = Resource/Image;
			sourceTree = "<group>";
		};
		7E3F14321EB6435700DABE64 /* Search */ = {
			isa = PBXGroup;
			children = (
				7E3F14331EB6435700DABE64 /* icon_search.png */,
				7E3F14341EB6435700DABE64 /* icon_search@2x.png */,
			);
			path = Search;
			sourceTree = "<group>";
		};
		7E3F14371EB643B400DABE64 /* User */ = {
			isa = PBXGroup;
			children = (
				7E3F14381EB643B400DABE64 /* nav_me_normal.png */,
				7E3F14391EB643B400DABE64 /* nav_me_normal@2x.png */,
			);
			path = User;
			sourceTree = "<group>";
		};
		7E4F66581EB60D3F003F0B4A = {
			isa = PBXGroup;
			children = (
				7E4F66631EB60D40003F0B4A /* ZKWeibo */,
				7E4F66801EB60D40003F0B4A /* ZKWeiboTests */,
				7E4F668B1EB60D40003F0B4A /* ZKWeiboUITests */,
				7E4F66621EB60D40003F0B4A /* Products */,
				0859E88FF5B6BA2817E7C0E9 /* Pods */,
				2F7D0F19042E681AC5F8D8D5 /* Frameworks */,
			);
			sourceTree = "<group>";
		};
		7E4F66621EB60D40003F0B4A /* Products */ = {
			isa = PBXGroup;
			children = (
				7E4F66611EB60D40003F0B4A /* ZKWeibo.app */,
				7E4F667D1EB60D40003F0B4A /* ZKWeiboTests.xctest */,
				7E4F66881EB60D40003F0B4A /* ZKWeiboUITests.xctest */,
			);
			name = Products;
			sourceTree = "<group>";
		};
		7E4F66631EB60D40003F0B4A /* ZKWeibo */ = {
			isa = PBXGroup;
			children = (
				7E6A0F7F1EB7081A00CA709E /* Model */,
				7E6A0F771EB7075700CA709E /* View */,
				7E6A0F721EB7049400CA709E /* Ventors */,
				7E4F66A11EB615C4003F0B4A /* Controller */,
				7E4F669A1EB60FE9003F0B4A /* Common */,
				7E4F66671EB60D40003F0B4A /* AppDelegate.h */,
				7E4F66681EB60D40003F0B4A /* AppDelegate.m */,
				7E4F66731EB60D40003F0B4A /* Assets.xcassets */,
				7E4F66751EB60D40003F0B4A /* LaunchScreen.storyboard */,
				7E3F142B1EB6425D00DABE64 /* Resource */,
				7E4F66641EB60D40003F0B4A /* Supporting Files */,
			);
			path = ZKWeibo;
			sourceTree = "<group>";
		};
		7E4F66641EB60D40003F0B4A /* Supporting Files */ = {
			isa = PBXGroup;
			children = (
				7E4F66781EB60D40003F0B4A /* Info.plist */,
				7E4F66651EB60D40003F0B4A /* main.m */,
				7E3F14211EB6331C00DABE64 /* ZKWeibo.pch */,
			);
			name = "Supporting Files";
			sourceTree = "<group>";
		};
		7E4F66801EB60D40003F0B4A /* ZKWeiboTests */ = {
			isa = PBXGroup;
			children = (
				7E4F66811EB60D40003F0B4A /* ZKWeiboTests.m */,
				7E4F66831EB60D40003F0B4A /* Info.plist */,
			);
			path = ZKWeiboTests;
			sourceTree = "<group>";
		};
		7E4F668B1EB60D40003F0B4A /* ZKWeiboUITests */ = {
			isa = PBXGroup;
			children = (
				7E4F668C1EB60D40003F0B4A /* ZKWeiboUITests.m */,
				7E4F668E1EB60D40003F0B4A /* Info.plist */,
			);
			path = ZKWeiboUITests;
			sourceTree = "<group>";
		};
		7E4F669A1EB60FE9003F0B4A /* Common */ = {
			isa = PBXGroup;
			children = (
				7E4F669D1EB611E3003F0B4A /* Toolkit */,
				7E4F669B1EB61040003F0B4A /* Headers */,
			);
			name = Common;
			sourceTree = "<group>";
		};
		7E4F669B1EB61040003F0B4A /* Headers */ = {
			isa = PBXGroup;
			children = (
				7E3F14221EB6334800DABE64 /* ZKMacros.h */,
				7E4F669C1EB61089003F0B4A /* Constants.h */,
			);
			name = Headers;
			sourceTree = "<group>";
		};
		7E4F669D1EB611E3003F0B4A /* Toolkit */ = {
			isa = PBXGroup;
			children = (
				7E4F669E1EB6121A003F0B4A /* ZKUtilities.h */,
				7E4F669F1EB6121A003F0B4A /* ZKUtilities.m */,
			);
			name = Toolkit;
			sourceTree = "<group>";
		};
		7E4F66A11EB615C4003F0B4A /* Controller */ = {
			isa = PBXGroup;
			children = (
				7E3F14271EB640C900DABE64 /* User */,
				7E3F14231EB6400700DABE64 /* Search */,
				7E3F14201EB630FD00DABE64 /* Home */,
				7E4F66AA1EB616B8003F0B4A /* Root */,
				7E4F66A91EB616A0003F0B4A /* Introduce */,
				7E4F66A51EB61608003F0B4A /* Base */,
			);
			name = Controller;
			sourceTree = "<group>";
		};
		7E4F66A51EB61608003F0B4A /* Base */ = {
			isa = PBXGroup;
			children = (
				7E4F66A61EB6162E003F0B4A /* ZKBaseViewController.h */,
				7E4F66A71EB6162E003F0B4A /* ZKBaseViewController.m */,
			);
			name = Base;
			sourceTree = "<group>";
		};
		7E4F66A91EB616A0003F0B4A /* Introduce */ = {
			isa = PBXGroup;
			children = (
				7E4F66AE1EB61710003F0B4A /* ZKIntroduceViewController.h */,
				7E4F66AF1EB61710003F0B4A /* ZKIntroduceViewController.m */,
			);
			name = Introduce;
			sourceTree = "<group>";
		};
		7E4F66AA1EB616B8003F0B4A /* Root */ = {
			isa = PBXGroup;
			children = (
				7E4F66AB1EB616EF003F0B4A /* ZKTabBarController.h */,
				7E4F66AC1EB616EF003F0B4A /* ZKTabBarController.m */,
			);
			name = Root;
			sourceTree = "<group>";
		};
		7E6A0F691EB6E15000CA709E /* TabBar */ = {
			isa = PBXGroup;
			children = (
				7E6A0F6A1EB6E15000CA709E /* tab_home_normal.png */,
				7E6A0F6B1EB6E15000CA709E /* tab_home_normal@2x.png */,
				7E6A0F6C1EB6E15000CA709E /* tab_home_selected.png */,
				7E6A0F6D1EB6E15000CA709E /* tab_home_selected@2x.png */,
			);
			path = TabBar;
			sourceTree = "<group>";
		};
		7E6A0F721EB7049400CA709E /* Ventors */ = {
			isa = PBXGroup;
			children = (
				7E6A0F731EB7049400CA709E /* AAPullToRefresh */,
			);
			path = Ventors;
			sourceTree = "<group>";
		};
		7E6A0F731EB7049400CA709E /* AAPullToRefresh */ = {
			isa = PBXGroup;
			children = (
				7E6A0F741EB7049400CA709E /* AAPullToRefresh.h */,
				7E6A0F751EB7049400CA709E /* AAPullToRefresh.m */,
			);
			path = AAPullToRefresh;
			sourceTree = "<group>";
		};
		7E6A0F771EB7075700CA709E /* View */ = {
			isa = PBXGroup;
			children = (
				7E6A0F781EB7076100CA709E /* Home */,
				7E6A0F7C1EB7079E00CA709E /* ZKBaseView.h */,
				7E6A0F7D1EB7079E00CA709E /* ZKBaseView.m */,
			);
			name = View;
			sourceTree = "<group>";
		};
		7E6A0F781EB7076100CA709E /* Home */ = {
			isa = PBXGroup;
			children = (
				7E6A0F791EB7078900CA709E /* ZKHomeView.h */,
				7E6A0F7A1EB7078900CA709E /* ZKHomeView.m */,
			);
			name = Home;
			sourceTree = "<group>";
		};
		7E6A0F7F1EB7081A00CA709E /* Model */ = {
			isa = PBXGroup;
			children = (
				7E6A0F811EB70A1A00CA709E /* ZKBaseModel.h */,
				7E6A0F821EB70A1A00CA709E /* ZKBaseModel.m */,
				7E6A0F801EB7082300CA709E /* Home */,
			);
			name = Model;
			sourceTree = "<group>";
		};
		7E6A0F801EB7082300CA709E /* Home */ = {
			isa = PBXGroup;
			children = (
				7E6A0F841EB70A6200CA709E /* ZKHomeItem.h */,
				7E6A0F851EB70A6200CA709E /* ZKHomeItem.m */,
			);
			name = Home;
			sourceTree = "<group>";
		};
/* End PBXGroup section */

/* Begin PBXNativeTarget section */
		7E4F66601EB60D40003F0B4A /* ZKWeibo */ = {
			isa = PBXNativeTarget;
			buildConfigurationList = 7E4F66911EB60D40003F0B4A /* Build configuration list for PBXNativeTarget "ZKWeibo" */;
			buildPhases = (
				3B7F32E0D054FD114DF415A6 /* [CP] Check Pods Manifest.lock */,
				7E4F665D1EB60D40003F0B4A /* Sources */,
				7E4F665E1EB60D40003F0B4A /* Frameworks */,
				7E4F665F1EB60D40003F0B4A /* Resources */,
				78458B73ACF8FB6C58369E33 /* [CP] Embed Pods Frameworks */,
				32D3085E18F619DF7CC7CFBF /* [CP] Copy Pods Resources */,
			);
			buildRules = (
			);
			dependencies = (
			);
			name = ZKWeibo;
			productName = ZKWeibo;
			productReference = 7E4F66611EB60D40003F0B4A /* ZKWeibo.app */;
			productType = "com.apple.product-type.application";
		};
		7E4F667C1EB60D40003F0B4A /* ZKWeiboTests */ = {
			isa = PBXNativeTarget;
			buildConfigurationList = 7E4F66941EB60D40003F0B4A /* Build configuration list for PBXNativeTarget "ZKWeiboTests" */;
			buildPhases = (
				38847FD7F1E9F151B219ECD4 /* [CP] Check Pods Manifest.lock */,
				7E4F66791EB60D40003F0B4A /* Sources */,
				7E4F667A1EB60D40003F0B4A /* Frameworks */,
				7E4F667B1EB60D40003F0B4A /* Resources */,
				C3B7421C6ECD63E225102E9C /* [CP] Embed Pods Frameworks */,
				603B1F4C81F36EAC9650B27F /* [CP] Copy Pods Resources */,
			);
			buildRules = (
			);
			dependencies = (
				7E4F667F1EB60D40003F0B4A /* PBXTargetDependency */,
			);
			name = ZKWeiboTests;
			productName = ZKWeiboTests;
			productReference = 7E4F667D1EB60D40003F0B4A /* ZKWeiboTests.xctest */;
			productType = "com.apple.product-type.bundle.unit-test";
		};
		7E4F66871EB60D40003F0B4A /* ZKWeiboUITests */ = {
			isa = PBXNativeTarget;
			buildConfigurationList = 7E4F66971EB60D40003F0B4A /* Build configuration list for PBXNativeTarget "ZKWeiboUITests" */;
			buildPhases = (
				9479FAE92541993A454A6A8D /* [CP] Check Pods Manifest.lock */,
				7E4F66841EB60D40003F0B4A /* Sources */,
				7E4F66851EB60D40003F0B4A /* Frameworks */,
				7E4F66861EB60D40003F0B4A /* Resources */,
				E6C2FA21B23AE83EAC85E683 /* [CP] Embed Pods Frameworks */,
				8CDA5F25DDD839D478818326 /* [CP] Copy Pods Resources */,
			);
			buildRules = (
			);
			dependencies = (
				7E4F668A1EB60D40003F0B4A /* PBXTargetDependency */,
			);
			name = ZKWeiboUITests;
			productName = ZKWeiboUITests;
			productReference = 7E4F66881EB60D40003F0B4A /* ZKWeiboUITests.xctest */;
			productType = "com.apple.product-type.bundle.ui-testing";
		};
/* End PBXNativeTarget section */

/* Begin PBXProject section */
		7E4F66591EB60D3F003F0B4A /* Project object */ = {
			isa = PBXProject;
			attributes = {
				LastUpgradeCheck = 0830;
				ORGANIZATIONNAME = "张阔";
				TargetAttributes = {
					7E4F66601EB60D40003F0B4A = {
						CreatedOnToolsVersion = 8.3.1;
						DevelopmentTeam = 9385678HZ3;
						ProvisioningStyle = Automatic;
					};
					7E4F667C1EB60D40003F0B4A = {
						CreatedOnToolsVersion = 8.3.1;
						DevelopmentTeam = 9385678HZ3;
						ProvisioningStyle = Automatic;
						TestTargetID = 7E4F66601EB60D40003F0B4A;
					};
					7E4F66871EB60D40003F0B4A = {
						CreatedOnToolsVersion = 8.3.1;
						DevelopmentTeam = 9385678HZ3;
						ProvisioningStyle = Automatic;
						TestTargetID = 7E4F66601EB60D40003F0B4A;
					};
				};
			};
			buildConfigurationList = 7E4F665C1EB60D3F003F0B4A /* Build configuration list for PBXProject "ZKWeibo" */;
			compatibilityVersion = "Xcode 3.2";
			developmentRegion = English;
			hasScannedForEncodings = 0;
			knownRegions = (
				en,
				Base,
			);
			mainGroup = 7E4F66581EB60D3F003F0B4A;
			productRefGroup = 7E4F66621EB60D40003F0B4A /* Products */;
			projectDirPath = "";
			projectRoot = "";
			targets = (
				7E4F66601EB60D40003F0B4A /* ZKWeibo */,
				7E4F667C1EB60D40003F0B4A /* ZKWeiboTests */,
				7E4F66871EB60D40003F0B4A /* ZKWeiboUITests */,
			);
		};
/* End PBXProject section */

/* Begin PBXResourcesBuildPhase section */
		7E4F665F1EB60D40003F0B4A /* Resources */ = {
			isa = PBXResourcesBuildPhase;
			buildActionMask = 2147483647;
			files = (
				7E3F14351EB6435700DABE64 /* icon_search.png in Resources */,
				7E3F143B1EB643B400DABE64 /* nav_me_normal@2x.png in Resources */,
				7E6A0F6F1EB6E15000CA709E /* tab_home_normal@2x.png in Resources */,
				7E3F14361EB6435700DABE64 /* icon_search@2x.png in Resources */,
				7E4F66771EB60D40003F0B4A /* LaunchScreen.storyboard in Resources */,
				7E6A0F701EB6E15000CA709E /* tab_home_selected.png in Resources */,
				7E6A0F711EB6E15000CA709E /* tab_home_selected@2x.png in Resources */,
				7E6A0F6E1EB6E15000CA709E /* tab_home_normal.png in Resources */,
				7E4F66741EB60D40003F0B4A /* Assets.xcassets in Resources */,
				7E3F143A1EB643B400DABE64 /* nav_me_normal.png in Resources */,
			);
			runOnlyForDeploymentPostprocessing = 0;
		};
		7E4F667B1EB60D40003F0B4A /* Resources */ = {
			isa = PBXResourcesBuildPhase;
			buildActionMask = 2147483647;
			files = (
			);
			runOnlyForDeploymentPostprocessing = 0;
		};
		7E4F66861EB60D40003F0B4A /* Resources */ = {
			isa = PBXResourcesBuildPhase;
			buildActionMask = 2147483647;
			files = (
			);
			runOnlyForDeploymentPostprocessing = 0;
		};
/* End PBXResourcesBuildPhase section */

/* Begin PBXShellScriptBuildPhase section */
		32D3085E18F619DF7CC7CFBF /* [CP] Copy Pods Resources */ = {
			isa = PBXShellScriptBuildPhase;
			buildActionMask = 2147483647;
			files = (
			);
			inputPaths = (
			);
			name = "[CP] Copy Pods Resources";
			outputPaths = (
			);
			runOnlyForDeploymentPostprocessing = 0;
			shellPath = /bin/sh;
			shellScript = "\"${SRCROOT}/Pods/Target Support Files/Pods-ZKWeibo/Pods-ZKWeibo-resources.sh\"\n";
			showEnvVarsInLog = 0;
		};
		38847FD7F1E9F151B219ECD4 /* [CP] Check Pods Manifest.lock */ = {
			isa = PBXShellScriptBuildPhase;
			buildActionMask = 2147483647;
			files = (
			);
			inputPaths = (
			);
			name = "[CP] Check Pods Manifest.lock";
			outputPaths = (
			);
			runOnlyForDeploymentPostprocessing = 0;
			shellPath = /bin/sh;
			shellScript = "diff \"${PODS_ROOT}/../Podfile.lock\" \"${PODS_ROOT}/Manifest.lock\" > /dev/null\nif [ $? != 0 ] ; then\n    # print error to STDERR\n    echo \"error: The sandbox is not in sync with the Podfile.lock. Run 'pod install' or update your CocoaPods installation.\" >&2\n    exit 1\nfi\n";
			showEnvVarsInLog = 0;
		};
		3B7F32E0D054FD114DF415A6 /* [CP] Check Pods Manifest.lock */ = {
			isa = PBXShellScriptBuildPhase;
			buildActionMask = 2147483647;
			files = (
			);
			inputPaths = (
			);
			name = "[CP] Check Pods Manifest.lock";
			outputPaths = (
			);
			runOnlyForDeploymentPostprocessing = 0;
			shellPath = /bin/sh;
			shellScript = "diff \"${PODS_ROOT}/../Podfile.lock\" \"${PODS_ROOT}/Manifest.lock\" > /dev/null\nif [ $? != 0 ] ; then\n    # print error to STDERR\n    echo \"error: The sandbox is not in sync with the Podfile.lock. Run 'pod install' or update your CocoaPods installation.\" >&2\n    exit 1\nfi\n";
			showEnvVarsInLog = 0;
		};
		603B1F4C81F36EAC9650B27F /* [CP] Copy Pods Resources */ = {
			isa = PBXShellScriptBuildPhase;
			buildActionMask = 2147483647;
			files = (
			);
			inputPaths = (
			);
			name = "[CP] Copy Pods Resources";
			outputPaths = (
			);
			runOnlyForDeploymentPostprocessing = 0;
			shellPath = /bin/sh;
			shellScript = "\"${SRCROOT}/Pods/Target Support Files/Pods-ZKWeiboTests/Pods-ZKWeiboTests-resources.sh\"\n";
			showEnvVarsInLog = 0;
		};
		78458B73ACF8FB6C58369E33 /* [CP] Embed Pods Frameworks */ = {
			isa = PBXShellScriptBuildPhase;
			buildActionMask = 2147483647;
			files = (
			);
			inputPaths = (
			);
			name = "[CP] Embed Pods Frameworks";
			outputPaths = (
			);
			runOnlyForDeploymentPostprocessing = 0;
			shellPath = /bin/sh;
			shellScript = "\"${SRCROOT}/Pods/Target Support Files/Pods-ZKWeibo/Pods-ZKWeibo-frameworks.sh\"\n";
			showEnvVarsInLog = 0;
		};
		8CDA5F25DDD839D478818326 /* [CP] Copy Pods Resources */ = {
			isa = PBXShellScriptBuildPhase;
			buildActionMask = 2147483647;
			files = (
			);
			inputPaths = (
			);
			name = "[CP] Copy Pods Resources";
			outputPaths = (
			);
			runOnlyForDeploymentPostprocessing = 0;
			shellPath = /bin/sh;
			shellScript = "\"${SRCROOT}/Pods/Target Support Files/Pods-ZKWeiboUITests/Pods-ZKWeiboUITests-resources.sh\"\n";
			showEnvVarsInLog = 0;
		};
		9479FAE92541993A454A6A8D /* [CP] Check Pods Manifest.lock */ = {
			isa = PBXShellScriptBuildPhase;
			buildActionMask = 2147483647;
			files = (
			);
			inputPaths = (
			);
			name = "[CP] Check Pods Manifest.lock";
			outputPaths = (
			);
			runOnlyForDeploymentPostprocessing = 0;
			shellPath = /bin/sh;
			shellScript = "diff \"${PODS_ROOT}/../Podfile.lock\" \"${PODS_ROOT}/Manifest.lock\" > /dev/null\nif [ $? != 0 ] ; then\n    # print error to STDERR\n    echo \"error: The sandbox is not in sync with the Podfile.lock. Run 'pod install' or update your CocoaPods installation.\" >&2\n    exit 1\nfi\n";
			showEnvVarsInLog = 0;
		};
		C3B7421C6ECD63E225102E9C /* [CP] Embed Pods Frameworks */ = {
			isa = PBXShellScriptBuildPhase;
			buildActionMask = 2147483647;
			files = (
			);
			inputPaths = (
			);
			name = "[CP] Embed Pods Frameworks";
			outputPaths = (
			);
			runOnlyForDeploymentPostprocessing = 0;
			shellPath = /bin/sh;
			shellScript = "\"${SRCROOT}/Pods/Target Support Files/Pods-ZKWeiboTests/Pods-ZKWeiboTests-frameworks.sh\"\n";
			showEnvVarsInLog = 0;
		};
		E6C2FA21B23AE83EAC85E683 /* [CP] Embed Pods Frameworks */ = {
			isa = PBXShellScriptBuildPhase;
			buildActionMask = 2147483647;
			files = (
			);
			inputPaths = (
			);
			name = "[CP] Embed Pods Frameworks";
			outputPaths = (
			);
			runOnlyForDeploymentPostprocessing = 0;
			shellPath = /bin/sh;
			shellScript = "\"${SRCROOT}/Pods/Target Support Files/Pods-ZKWeiboUITests/Pods-ZKWeiboUITests-frameworks.sh\"\n";
			showEnvVarsInLog = 0;
		};
/* End PBXShellScriptBuildPhase section */

/* Begin PBXSourcesBuildPhase section */
		7E4F665D1EB60D40003F0B4A /* Sources */ = {
			isa = PBXSourcesBuildPhase;
			buildActionMask = 2147483647;
			files = (
				7E6A0F861EB70A6200CA709E /* ZKHomeItem.m in Sources */,
				7E6A0F7B1EB7078900CA709E /* ZKHomeView.m in Sources */,
				7E4F66B01EB61710003F0B4A /* ZKIntroduceViewController.m in Sources */,
				7E6A0F681EB6DF9300CA709E /* ZKHomeViewController.m in Sources */,
				7E3F142A1EB640E000DABE64 /* ZKUserHomeViewController.m in Sources */,
				7E4F66691EB60D40003F0B4A /* AppDelegate.m in Sources */,
				7E6A0F831EB70A1A00CA709E /* ZKBaseModel.m in Sources */,
				7E4F66A01EB6121A003F0B4A /* ZKUtilities.m in Sources */,
				7E6A0F7E1EB7079E00CA709E /* ZKBaseView.m in Sources */,
				7E4F66AD1EB616EF003F0B4A /* ZKTabBarController.m in Sources */,
				7E4F66661EB60D40003F0B4A /* main.m in Sources */,
				7E4F66A81EB6162E003F0B4A /* ZKBaseViewController.m in Sources */,
				7E3F14261EB6409700DABE64 /* ZKSearchViewController.m in Sources */,
				7E6A0F761EB7049400CA709E /* AAPullToRefresh.m in Sources */,
			);
			runOnlyForDeploymentPostprocessing = 0;
		};
		7E4F66791EB60D40003F0B4A /* Sources */ = {
			isa = PBXSourcesBuildPhase;
			buildActionMask = 2147483647;
			files = (
				7E4F66821EB60D40003F0B4A /* ZKWeiboTests.m in Sources */,
			);
			runOnlyForDeploymentPostprocessing = 0;
		};
		7E4F66841EB60D40003F0B4A /* Sources */ = {
			isa = PBXSourcesBuildPhase;
			buildActionMask = 2147483647;
			files = (
				7E4F668D1EB60D40003F0B4A /* ZKWeiboUITests.m in Sources */,
			);
			runOnlyForDeploymentPostprocessing = 0;
		};
/* End PBXSourcesBuildPhase section */

/* Begin PBXTargetDependency section */
		7E4F667F1EB60D40003F0B4A /* PBXTargetDependency */ = {
			isa = PBXTargetDependency;
			target = 7E4F66601EB60D40003F0B4A /* ZKWeibo */;
			targetProxy = 7E4F667E1EB60D40003F0B4A /* PBXContainerItemProxy */;
		};
		7E4F668A1EB60D40003F0B4A /* PBXTargetDependency */ = {
			isa = PBXTargetDependency;
			target = 7E4F66601EB60D40003F0B4A /* ZKWeibo */;
			targetProxy = 7E4F66891EB60D40003F0B4A /* PBXContainerItemProxy */;
		};
/* End PBXTargetDependency section */

/* Begin PBXVariantGroup section */
		7E4F66751EB60D40003F0B4A /* LaunchScreen.storyboard */ = {
			isa = PBXVariantGroup;
			children = (
				7E4F66761EB60D40003F0B4A /* Base */,
			);
			name = LaunchScreen.storyboard;
			sourceTree = "<group>";
		};
/* End PBXVariantGroup section */

/* Begin XCBuildConfiguration section */
		7E4F668F1EB60D40003F0B4A /* Debug */ = {
			isa = XCBuildConfiguration;
			buildSettings = {
				ALWAYS_SEARCH_USER_PATHS = NO;
				CLANG_ANALYZER_NONNULL = YES;
				CLANG_ANALYZER_NUMBER_OBJECT_CONVERSION = YES_AGGRESSIVE;
				CLANG_CXX_LANGUAGE_STANDARD = "gnu++0x";
				CLANG_CXX_LIBRARY = "libc++";
				CLANG_ENABLE_MODULES = YES;
				CLANG_ENABLE_OBJC_ARC = YES;
				CLANG_WARN_BOOL_CONVERSION = YES;
				CLANG_WARN_CONSTANT_CONVERSION = YES;
				CLANG_WARN_DIRECT_OBJC_ISA_USAGE = YES_ERROR;
				CLANG_WARN_DOCUMENTATION_COMMENTS = YES;
				CLANG_WARN_EMPTY_BODY = YES;
				CLANG_WARN_ENUM_CONVERSION = YES;
				CLANG_WARN_INFINITE_RECURSION = YES;
				CLANG_WARN_INT_CONVERSION = YES;
				CLANG_WARN_OBJC_ROOT_CLASS = YES_ERROR;
				CLANG_WARN_SUSPICIOUS_MOVE = YES;
				CLANG_WARN_UNREACHABLE_CODE = YES;
				CLANG_WARN__DUPLICATE_METHOD_MATCH = YES;
				"CODE_SIGN_IDENTITY[sdk=iphoneos*]" = "iPhone Developer";
				COPY_PHASE_STRIP = NO;
				DEBUG_INFORMATION_FORMAT = dwarf;
				ENABLE_STRICT_OBJC_MSGSEND = YES;
				ENABLE_TESTABILITY = YES;
				GCC_C_LANGUAGE_STANDARD = gnu99;
				GCC_DYNAMIC_NO_PIC = NO;
				GCC_NO_COMMON_BLOCKS = YES;
				GCC_OPTIMIZATION_LEVEL = 0;
				GCC_PREPROCESSOR_DEFINITIONS = (
					"DEBUG=1",
					"$(inherited)",
				);
				GCC_WARN_64_TO_32_BIT_CONVERSION = YES;
				GCC_WARN_ABOUT_RETURN_TYPE = YES_ERROR;
				GCC_WARN_UNDECLARED_SELECTOR = YES;
				GCC_WARN_UNINITIALIZED_AUTOS = YES_AGGRESSIVE;
				GCC_WARN_UNUSED_FUNCTION = YES;
				GCC_WARN_UNUSED_VARIABLE = YES;
				IPHONEOS_DEPLOYMENT_TARGET = 10.3;
				MTL_ENABLE_DEBUG_INFO = YES;
				ONLY_ACTIVE_ARCH = YES;
				SDKROOT = iphoneos;
			};
			name = Debug;
		};
		7E4F66901EB60D40003F0B4A /* Release */ = {
			isa = XCBuildConfiguration;
			buildSettings = {
				ALWAYS_SEARCH_USER_PATHS = NO;
				CLANG_ANALYZER_NONNULL = YES;
				CLANG_ANALYZER_NUMBER_OBJECT_CONVERSION = YES_AGGRESSIVE;
				CLANG_CXX_LANGUAGE_STANDARD = "gnu++0x";
				CLANG_CXX_LIBRARY = "libc++";
				CLANG_ENABLE_MODULES = YES;
				CLANG_ENABLE_OBJC_ARC = YES;
				CLANG_WARN_BOOL_CONVERSION = YES;
				CLANG_WARN_CONSTANT_CONVERSION = YES;
				CLANG_WARN_DIRECT_OBJC_ISA_USAGE = YES_ERROR;
				CLANG_WARN_DOCUMENTATION_COMMENTS = YES;
				CLANG_WARN_EMPTY_BODY = YES;
				CLANG_WARN_ENUM_CONVERSION = YES;
				CLANG_WARN_INFINITE_RECURSION = YES;
				CLANG_WARN_INT_CONVERSION = YES;
				CLANG_WARN_OBJC_ROOT_CLASS = YES_ERROR;
				CLANG_WARN_SUSPICIOUS_MOVE = YES;
				CLANG_WARN_UNREACHABLE_CODE = YES;
				CLANG_WARN__DUPLICATE_METHOD_MATCH = YES;
				"CODE_SIGN_IDENTITY[sdk=iphoneos*]" = "iPhone Developer";
				COPY_PHASE_STRIP = NO;
				DEBUG_INFORMATION_FORMAT = "dwarf-with-dsym";
				ENABLE_NS_ASSERTIONS = NO;
				ENABLE_STRICT_OBJC_MSGSEND = YES;
				GCC_C_LANGUAGE_STANDARD = gnu99;
				GCC_NO_COMMON_BLOCKS = YES;
				GCC_WARN_64_TO_32_BIT_CONVERSION = YES;
				GCC_WARN_ABOUT_RETURN_TYPE = YES_ERROR;
				GCC_WARN_UNDECLARED_SELECTOR = YES;
				GCC_WARN_UNINITIALIZED_AUTOS = YES_AGGRESSIVE;
				GCC_WARN_UNUSED_FUNCTION = YES;
				GCC_WARN_UNUSED_VARIABLE = YES;
				IPHONEOS_DEPLOYMENT_TARGET = 10.3;
				MTL_ENABLE_DEBUG_INFO = NO;
				SDKROOT = iphoneos;
				VALIDATE_PRODUCT = YES;
			};
			name = Release;
		};
		7E4F66921EB60D40003F0B4A /* Debug */ = {
			isa = XCBuildConfiguration;
			baseConfigurationReference = 7B590432B1A7D8ED95BDCBED /* Pods-ZKWeibo.debug.xcconfig */;
			buildSettings = {
				ASSETCATALOG_COMPILER_APPICON_NAME = AppIcon;
				DEVELOPMENT_TEAM = 9385678HZ3;
				GCC_PREFIX_HEADER = /Users/zhangkuo/Xcode/ZKWeibo/ZKWeibo/ZKWeibo.pch;
				INFOPLIST_FILE = ZKWeibo/Info.plist;
				LD_RUNPATH_SEARCH_PATHS = "$(inherited) @executable_path/Frameworks";
				PRODUCT_BUNDLE_IDENTIFIER = kafeihu.ZKWeibo;
				PRODUCT_NAME = "$(TARGET_NAME)";
			};
			name = Debug;
		};
		7E4F66931EB60D40003F0B4A /* Release */ = {
			isa = XCBuildConfiguration;
			baseConfigurationReference = EC94348917A0400F33DD2708 /* Pods-ZKWeibo.release.xcconfig */;
			buildSettings = {
				ASSETCATALOG_COMPILER_APPICON_NAME = AppIcon;
				DEVELOPMENT_TEAM = 9385678HZ3;
				GCC_PREFIX_HEADER = /Users/zhangkuo/Xcode/ZKWeibo/ZKWeibo/ZKWeibo.pch;
				INFOPLIST_FILE = ZKWeibo/Info.plist;
				LD_RUNPATH_SEARCH_PATHS = "$(inherited) @executable_path/Frameworks";
				PRODUCT_BUNDLE_IDENTIFIER = kafeihu.ZKWeibo;
				PRODUCT_NAME = "$(TARGET_NAME)";
			};
			name = Release;
		};
		7E4F66951EB60D40003F0B4A /* Debug */ = {
			isa = XCBuildConfiguration;
			baseConfigurationReference = 2E5E0AD1B533B3812468774E /* Pods-ZKWeiboTests.debug.xcconfig */;
			buildSettings = {
				BUNDLE_LOADER = "$(TEST_HOST)";
				DEVELOPMENT_TEAM = 9385678HZ3;
				INFOPLIST_FILE = ZKWeiboTests/Info.plist;
				LD_RUNPATH_SEARCH_PATHS = "$(inherited) @executable_path/Frameworks @loader_path/Frameworks";
				PRODUCT_BUNDLE_IDENTIFIER = kafeihu.ZKWeiboTests;
				PRODUCT_NAME = "$(TARGET_NAME)";
				TEST_HOST = "$(BUILT_PRODUCTS_DIR)/ZKWeibo.app/ZKWeibo";
			};
			name = Debug;
		};
		7E4F66961EB60D40003F0B4A /* Release */ = {
			isa = XCBuildConfiguration;
			baseConfigurationReference = 9F178BD1D8916FB690857763 /* Pods-ZKWeiboTests.release.xcconfig */;
			buildSettings = {
				BUNDLE_LOADER = "$(TEST_HOST)";
				DEVELOPMENT_TEAM = 9385678HZ3;
				INFOPLIST_FILE = ZKWeiboTests/Info.plist;
				LD_RUNPATH_SEARCH_PATHS = "$(inherited) @executable_path/Frameworks @loader_path/Frameworks";
				PRODUCT_BUNDLE_IDENTIFIER = kafeihu.ZKWeiboTests;
				PRODUCT_NAME = "$(TARGET_NAME)";
				TEST_HOST = "$(BUILT_PRODUCTS_DIR)/ZKWeibo.app/ZKWeibo";
			};
			name = Release;
		};
		7E4F66981EB60D40003F0B4A /* Debug */ = {
			isa = XCBuildConfiguration;
			baseConfigurationReference = 516BC897C5C171885345DAC9 /* Pods-ZKWeiboUITests.debug.xcconfig */;
			buildSettings = {
				DEVELOPMENT_TEAM = 9385678HZ3;
				INFOPLIST_FILE = ZKWeiboUITests/Info.plist;
				LD_RUNPATH_SEARCH_PATHS = "$(inherited) @executable_path/Frameworks @loader_path/Frameworks";
				PRODUCT_BUNDLE_IDENTIFIER = kafeihu.ZKWeiboUITests;
				PRODUCT_NAME = "$(TARGET_NAME)";
				TEST_TARGET_NAME = ZKWeibo;
			};
			name = Debug;
		};
		7E4F66991EB60D40003F0B4A /* Release */ = {
			isa = XCBuildConfiguration;
			baseConfigurationReference = 3096A8C3CDB9F5EE760BFDD1 /* Pods-ZKWeiboUITests.release.xcconfig */;
			buildSettings = {
				DEVELOPMENT_TEAM = 9385678HZ3;
				INFOPLIST_FILE = ZKWeiboUITests/Info.plist;
				LD_RUNPATH_SEARCH_PATHS = "$(inherited) @executable_path/Frameworks @loader_path/Frameworks";
				PRODUCT_BUNDLE_IDENTIFIER = kafeihu.ZKWeiboUITests;
				PRODUCT_NAME = "$(TARGET_NAME)";
				TEST_TARGET_NAME = ZKWeibo;
			};
			name = Release;
		};
/* End XCBuildConfiguration section */

/* Begin XCConfigurationList section */
		7E4F665C1EB60D3F003F0B4A /* Build configuration list for PBXProject "ZKWeibo" */ = {
			isa = XCConfigurationList;
			buildConfigurations = (
				7E4F668F1EB60D40003F0B4A /* Debug */,
				7E4F66901EB60D40003F0B4A /* Release */,
			);
			defaultConfigurationIsVisible = 0;
			defaultConfigurationName = Release;
		};
		7E4F66911EB60D40003F0B4A /* Build configuration list for PBXNativeTarget "ZKWeibo" */ = {
			isa = XCConfigurationList;
			buildConfigurations = (
				7E4F66921EB60D40003F0B4A /* Debug */,
				7E4F66931EB60D40003F0B4A /* Release */,
			);
			defaultConfigurationIsVisible = 0;
			defaultConfigurationName = Release;
		};
		7E4F66941EB60D40003F0B4A /* Build configuration list for PBXNativeTarget "ZKWeiboTests" */ = {
			isa = XCConfigurationList;
			buildConfigurations = (
				7E4F66951EB60D40003F0B4A /* Debug */,
				7E4F66961EB60D40003F0B4A /* Release */,
			);
			defaultConfigurationIsVisible = 0;
			defaultConfigurationName = Release;
		};
		7E4F66971EB60D40003F0B4A /* Build configuration list for PBXNativeTarget "ZKWeiboUITests" */ = {
			isa = XCConfigurationList;
			buildConfigurations = (
				7E4F66981EB60D40003F0B4A /* Debug */,
				7E4F66991EB60D40003F0B4A /* Release */,
			);
			defaultConfigurationIsVisible = 0;
			defaultConfigurationName = Release;
		};
/* End XCConfigurationList section */
	};
	rootObject = 7E4F66591EB60D3F003F0B4A /* Project object */;
}
